
Microsoft Visual Studio Solution File, Format Version 12.00
# Visual Studio Version 16
VisualStudioVersion = 16.0.30104.148
MinimumVisualStudioVersion = 10.0.40219.1
Project("{FAE04EC0-301F-11D3-BF4B-00C04F79EFBC}") = "LearningNumbers.UWP", "LearningNumbers\LearningNumbers.UWP\LearningNumbers.UWP.csproj", "{67243417-2F93-49D2-AE9C-485B51C7D312}"
EndProject
Project("{FAE04EC0-301F-11D3-BF4B-00C04F79EFBC}") = "LearningNumbers.Android", "LearningNumbers\LearningNumbers.Android\LearningNumbers.Android.csproj", "{FDB0776D-C896-4582-B22A-361318679DF9}"
EndProject
Project("{FAE04EC0-301F-11D3-BF4B-00C04F79EFBC}") = "LearningNumbers.iOS", "LearningNumbers\LearningNumbers.iOS\LearningNumbers.iOS.csproj", "{9381B02D-1F81-4237-973A-9EC6A4BE50B1}"
EndProject
Project("{FAE04EC0-301F-11D3-BF4B-00C04F79EFBC}") = "LearningNumbers", "LearningNumbers\LearningNumbers\LearningNumbers.csproj", "{1A0242D5-4899-4B0B-854B-0880D86A8990}"
EndProject
Global
	GlobalSection(SolutionConfigurationPlatforms) = preSolution
		Debug|Any CPU = Debug|Any CPU
		Debug|ARM = Debug|ARM
		Debug|iPhone = Debug|iPhone
		Debug|iPhoneSimulator = Debug|iPhoneSimulator
		Debug|x64 = Debug|x64
		Debug|x86 = Debug|x86
		Release|Any CPU = Release|Any CPU
		Release|ARM = Release|ARM
		Release|iPhone = Release|iPhone
		Release|iPhoneSimulator = Release|iPhoneSimulator
		Release|x64 = Release|x64
		Release|x86 = Release|x86
	EndGlobalSection
	GlobalSection(ProjectConfigurationPlatforms) = postSolution
		{67243417-2F93-49D2-AE9C-485B51C7D312}.Debug|Any CPU.ActiveCfg = Debug|x86
		{67243417-2F93-49D2-AE9C-485B51C7D312}.Debug|Any CPU.Build.0 = Debug|x86
		{67243417-2F93-49D2-AE9C-485B51C7D312}.Debug|Any CPU.Deploy.0 = Debug|x86
		{67243417-2F93-49D2-AE9C-485B51C7D312}.Debug|ARM.ActiveCfg = Debug|ARM
		{67243417-2F93-49D2-AE9C-485B51C7D312}.Debug|ARM.Build.0 = Debug|ARM
		{67243417-2F93-49D2-AE9C-485B51C7D312}.Debug|ARM.Deploy.0 = Debug|ARM
		{67243417-2F93-49D2-AE9C-485B51C7D312}.Debug|iPhone.ActiveCfg = Debug|x86
		{67243417-2F93-49D2-AE9C-485B51C7D312}.Debug|iPhone.Build.0 = Debug|x86
		{67243417-2F93-49D2-AE9C-485B51C7D312}.Debug|iPhone.Deploy.0 = Debug|x86
		{67243417-2F93-49D2-AE9C-485B51C7D312}.Debug|iPhoneSimulator.ActiveCfg = Debug|x86
		{67243417-2F93-49D2-AE9C-485B51C7D312}.Debug|iPhoneSimulator.Build.0 = Debug|x86
		{67243417-2F93-49D2-AE9C-485B51C7D312}.Debug|iPhoneSimulator.Deploy.0 = Debug|x86
		{67243417-2F93-49D2-AE9C-485B51C7D312}.Debug|x64.ActiveCfg = Debug|x64
		{67243417-2F93-49D2-AE9C-485B51C7D312}.Debug|x64.Build.0 = Debug|x64
		{67243417-2F93-49D2-AE9C-485B51C7D312}.Debug|x64.Deploy.0 = Debug|x64
		{67243417-2F93-49D2-AE9C-485B51C7D312}.Debug|x86.ActiveCfg = Debug|x86
		{67243417-2F93-49D2-AE9C-485B51C7D312}.Debug|x86.Build.0 = Debug|x86
		{67243417-2F93-49D2-AE9C-485B51C7D312}.Debug|x86.Deploy.0 = Debug|x86
		{67243417-2F93-49D2-AE9C-485B51C7D312}.Release|Any CPU.ActiveCfg = Release|x86
		{67243417-2F93-49D2-AE9C-485B51C7D312}.Release|Any CPU.Build.0 = Release|x86
		{67243417-2F93-49D2-AE9C-485B51C7D312}.Release|Any CPU.Deploy.0 = Release|x86
		{67243417-2F93-49D2-AE9C-485B51C7D312}.Release|ARM.ActiveCfg = Release|ARM
		{67243417-2F93-49D2-AE9C-485B51C7D312}.Release|ARM.Build.0 = Release|ARM
		{67243417-2F93-49D2-AE9C-485B51C7D312}.Release|ARM.Deploy.0 = Release|ARM
		{67243417-2F93-49D2-AE9C-485B51C7D312}.Release|iPhone.ActiveCfg = Release|x86
		{67243417-2F93-49D2-AE9C-485B51C7D312}.Release|iPhone.Build.0 = Release|x86
		{67243417-2F93-49D2-AE9C-485B51C7D312}.Release|iPhone.Deploy.0 = Release|x86
		{67243417-2F93-49D2-AE9C-485B51C7D312}.Release|iPhoneSimulator.ActiveCfg = Release|x86
		{67243417-2F93-49D2-AE9C-485B51C7D312}.Release|iPhoneSimulator.Build.0 = Release|x86
		{67243417-2F93-49D2-AE9C-485B51C7D312}.Release|iPhoneSimulator.Deploy.0 = Release|x86
		{67243417-2F93-49D2-AE9C-485B51C7D312}.Release|x64.ActiveCfg = Release|x64
		{67243417-2F93-49D2-AE9C-485B51C7D312}.Release|x64.Build.0 = Release|x64
		{67243417-2F93-49D2-AE9C-485B51C7D312}.Release|x64.Deploy.0 = Release|x64
		{67243417-2F93-49D2-AE9C-485B51C7D312}.Release|x86.ActiveCfg = Release|x86
		{67243417-2F93-49D2-AE9C-485B51C7D312}.Release|x86.Build.0 = Release|x86
		{67243417-2F93-49D2-AE9C-485B51C7D312}.Release|x86.Deploy.0 = Release|x86
		{FDB0776D-C896-4582-B22A-361318679DF9}.Debug|Any CPU.ActiveCfg = Debug|Any CPU
		{FDB0776D-C896-4582-B22A-361318679DF9}.Debug|Any CPU.Build.0 = Debug|Any CPU
		{FDB0776D-C896-4582-B22A-361318679DF9}.Debug|Any CPU.Deploy.0 = Debug|Any CPU
		{FDB0776D-C896-4582-B22A-361318679DF9}.Debug|ARM.ActiveCfg = Debug|Any CPU
		{FDB0776D-C896-4582-B22A-361318679DF9}.Debug|ARM.Build.0 = Debug|Any CPU
		{FDB0776D-C896-4582-B22A-361318679DF9}.Debug|ARM.Deploy.0 = Debug|Any CPU
		{FDB0776D-C896-4582-B22A-361318679DF9}.Debug|iPhone.ActiveCfg = Debug|Any CPU
		{FDB0776D-C896-4582-B22A-361318679DF9}.Debug|iPhone.Build.0 = Debug|Any CPU
		{FDB0776D-C896-4582-B22A-361318679DF9}.Debug|iPhone.Deploy.0 = Debug|Any CPU
		{FDB0776D-C896-4582-B22A-361318679DF9}.Debug|iPhoneSimulator.ActiveCfg = Debug|Any CPU
		{FDB0776D-C896-4582-B22A-361318679DF9}.Debug|iPhoneSimulator.Build.0 = Debug|Any CPU
		{FDB0776D-C896-4582-B22A-361318679DF9}.Debug|iPhoneSimulator.Deploy.0 = Debug|Any CPU
		{FDB0776D-C896-4582-B22A-361318679DF9}.Debug|x64.ActiveCfg = Debug|Any CPU
		{FDB0776D-C896-4582-B22A-361318679DF9}.Debug|x64.Build.0 = Debug|Any CPU
		{FDB0776D-C896-4582-B22A-361318679DF9}.Debug|x64.Deploy.0 = Debug|Any CPU
		{FDB0776D-C896-4582-B22A-361318679DF9}.Debug|x86.ActiveCfg = Debug|Any CPU
		{FDB0776D-C896-4582-B22A-361318679DF9}.Debug|x86.Build.0 = Debug|Any CPU
		{FDB0776D-C896-4582-B22A-361318679DF9}.Debug|x86.Deploy.0 = Debug|Any CPU
		{FDB0776D-C896-4582-B22A-361318679DF9}.Release|Any CPU.ActiveCfg = Release|Any CPU
		{FDB0776D-C896-4582-B22A-361318679DF9}.Release|Any CPU.Build.0 = Release|Any CPU
		{FDB0776D-C896-4582-B22A-361318679DF9}.Release|Any CPU.Deploy.0 = Release|Any CPU
		{FDB0776D-C896-4582-B22A-361318679DF9}.Release|ARM.ActiveCfg = Release|Any CPU
		{FDB0776D-C896-4582-B22A-361318679DF9}.Release|ARM.Build.0 = Release|Any CPU
		{FDB0776D-C896-4582-B22A-361318679DF9}.Release|ARM.Deploy.0 = Release|Any CPU
		{FDB0776D-C896-4582-B22A-361318679DF9}.Release|iPhone.ActiveCfg = Release|Any CPU
		{FDB0776D-C896-4582-B22A-361318679DF9}.Release|iPhone.Build.0 = Release|Any CPU
		{FDB0776D-C896-4582-B22A-361318679DF9}.Release|iPhone.Deploy.0 = Release|Any CPU
		{FDB0776D-C896-4582-B22A-361318679DF9}.Release|iPhoneSimulator.ActiveCfg = Release|Any CPU
		{FDB0776D-C896-4582-B22A-361318679DF9}.Release|iPhoneSimulator.Build.0 = Release|Any CPU
		{FDB0776D-C896-4582-B22A-361318679DF9}.Release|iPhoneSimulator.Deploy.0 = Release|Any CPU
		{FDB0776D-C896-4582-B22A-361318679DF9}.Release|x64.ActiveCfg = Release|Any CPU
		{FDB0776D-C896-4582-B22A-361318679DF9}.Release|x64.Build.0 = Release|Any CPU
		{FDB0776D-C896-4582-B22A-361318679DF9}.Release|x64.Deploy.0 = Release|Any CPU
		{FDB0776D-C896-4582-B22A-361318679DF9}.Release|x86.ActiveCfg = Release|Any CPU
		{FDB0776D-C896-4582-B22A-361318679DF9}.Release|x86.Build.0 = Release|Any CPU
		{FDB0776D-C896-4582-B22A-361318679DF9}.Release|x86.Deploy.0 = Release|Any CPU
		{9381B02D-1F81-4237-973A-9EC6A4BE50B1}.Debug|Any CPU.ActiveCfg = Debug|iPhone
		{9381B02D-1F81-4237-973A-9EC6A4BE50B1}.Debug|Any CPU.Build.0 = Debug|iPhone
		{9381B02D-1F81-4237-973A-9EC6A4BE50B1}.Debug|Any CPU.Deploy.0 = Debug|iPhone
		{9381B02D-1F81-4237-973A-9EC6A4BE50B1}.Debug|ARM.ActiveCfg = Debug|iPhone
		{9381B02D-1F81-4237-973A-9EC6A4BE50B1}.Debug|ARM.Build.0 = Debug|iPhone
		{9381B02D-1F81-4237-973A-9EC6A4BE50B1}.Debug|ARM.Deploy.0 = Debug|iPhone
		{9381B02D-1F81-4237-973A-9EC6A4BE50B1}.Debug|iPhone.ActiveCfg = Debug|iPhone
		{9381B02D-1F81-4237-973A-9EC6A4BE50B1}.Debug|iPhone.Build.0 = Debug|iPhone
		{9381B02D-1F81-4237-973A-9EC6A4BE50B1}.Debug|iPhone.Deploy.0 = Debug|iPhone
		{9381B02D-1F81-4237-973A-9EC6A4BE50B1}.Debug|iPhoneSimulator.ActiveCfg = Debug|iPhoneSimulator
		{9381B02D-1F81-4237-973A-9EC6A4BE50B1}.Debug|iPhoneSimulator.Build.0 = Debug|iPhoneSimulator
		{9381B02D-1F81-4237-973A-9EC6A4BE50B1}.Debug|iPhoneSimulator.Deploy.0 = Debug|iPhoneSimulator
		{9381B02D-1F81-4237-973A-9EC6A4BE50B1}.Debug|x64.ActiveCfg = Debug|iPhone
		{9381B02D-1F81-4237-973A-9EC6A4BE50B1}.Debug|x64.Build.0 = Debug|iPhone
		{9381B02D-1F81-4237-973A-9EC6A4BE50B1}.Debug|x64.Deploy.0 = Debug|iPhone
		{9381B02D-1F81-4237-973A-9EC6A4BE50B1}.Debug|x86.ActiveCfg = Debug|iPhone
		{9381B02D-1F81-4237-973A-9EC6A4BE50B1}.Debug|x86.Build.0 = Debug|iPhone
		{9381B02D-1F81-4237-973A-9EC6A4BE50B1}.Debug|x86.Deploy.0 = Debug|iPhone
		{9381B02D-1F81-4237-973A-9EC6A4BE50B1}.Release|Any CPU.ActiveCfg = Release|iPhone
		{9381B02D-1F81-4237-973A-9EC6A4BE50B1}.Release|Any CPU.Build.0 = Release|iPhone
		{9381B02D-1F81-4237-973A-9EC6A4BE50B1}.Release|Any CPU.Deploy.0 = Release|iPhone
		{9381B02D-1F81-4237-973A-9EC6A4BE50B1}.Release|ARM.ActiveCfg = Release|iPhone
		{9381B02D-1F81-4237-973A-9EC6A4BE50B1}.Release|ARM.Build.0 = Release|iPhone
		{9381B02D-1F81-4237-973A-9EC6A4BE50B1}.Release|ARM.Deploy.0 = Release|iPhone
		{9381B02D-1F81-4237-973A-9EC6A4BE50B1}.Release|iPhone.ActiveCfg = Release|iPhone
		{9381B02D-1F81-4237-973A-9EC6A4BE50B1}.Release|iPhone.Build.0 = Release|iPhone
		{9381B02D-1F81-4237-973A-9EC6A4BE50B1}.Release|iPhone.Deploy.0 = Release|iPhone
		{9381B02D-1F81-4237-973A-9EC6A4BE50B1}.Release|iPhoneSimulator.ActiveCfg = Release|iPhoneSimulator
		{9381B02D-1F81-4237-973A-9EC6A4BE50B1}.Release|iPhoneSimulator.Build.0 = Release|iPhoneSimulator
		{9381B02D-1F81-4237-973A-9EC6A4BE50B1}.Release|iPhoneSimulator.Deploy.0 = Release|iPhoneSimulator
		{9381B02D-1F81-4237-973A-9EC6A4BE50B1}.Release|x64.ActiveCfg = Release|iPhone
		{9381B02D-1F81-4237-973A-9EC6A4BE50B1}.Release|x64.Build.0 = Release|iPhone
		{9381B02D-1F81-4237-973A-9EC6A4BE50B1}.Release|x64.Deploy.0 = Release|iPhone
		{9381B02D-1F81-4237-973A-9EC6A4BE50B1}.Release|x86.ActiveCfg = Release|iPhone
		{9381B02D-1F81-4237-973A-9EC6A4BE50B1}.Release|x86.Build.0 = Release|iPhone
		{9381B02D-1F81-4237-973A-9EC6A4BE50B1}.Release|x86.Deploy.0 = Release|iPhone
		{1A0242D5-4899-4B0B-854B-0880D86A8990}.Debug|Any CPU.ActiveCfg = Debug|Any CPU
		{1A0242D5-4899-4B0B-854B-0880D86A8990}.Debug|Any CPU.Build.0 = Debug|Any CPU
		{1A0242D5-4899-4B0B-854B-0880D86A8990}.Debug|Any CPU.Deploy.0 = Debug|Any CPU
		{1A0242D5-4899-4B0B-854B-0880D86A8990}.Debug|ARM.ActiveCfg = Debug|Any CPU
		{1A0242D5-4899-4B0B-854B-0880D86A8990}.Debug|ARM.Build.0 = Debug|Any CPU
		{1A0242D5-4899-4B0B-854B-0880D86A8990}.Debug|ARM.Deploy.0 = Debug|Any CPU
		{1A0242D5-4899-4B0B-854B-0880D86A8990}.Debug|iPhone.ActiveCfg = Debug|Any CPU
		{1A0242D5-4899-4B0B-854B-0880D86A8990}.Debug|iPhone.Build.0 = Debug|Any CPU
		{1A0242D5-4899-4B0B-854B-0880D86A8990}.Debug|iPhone.Deploy.0 = Debug|Any CPU
		{1A0242D5-4899-4B0B-854B-0880D86A8990}.Debug|iPhoneSimulator.ActiveCfg = Debug|Any CPU
		{1A0242D5-4899-4B0B-854B-0880D86A8990}.Debug|iPhoneSimulator.Build.0 = Debug|Any CPU
		{1A0242D5-4899-4B0B-854B-0880D86A8990}.Debug|iPhoneSimulator.Deploy.0 = Debug|Any CPU
		{1A0242D5-4899-4B0B-854B-0880D86A8990}.Debug|x64.ActiveCfg = Debug|Any CPU
		{1A0242D5-4899-4B0B-854B-0880D86A8990}.Debug|x64.Build.0 = Debug|Any CPU
		{1A0242D5-4899-4B0B-854B-0880D86A8990}.Debug|x64.Deploy.0 = Debug|Any CPU
		{1A0242D5-4899-4B0B-854B-0880D86A8990}.Debug|x86.ActiveCfg = Debug|Any CPU
		{1A0242D5-4899-4B0B-854B-0880D86A8990}.Debug|x86.Build.0 = Debug|Any CPU
		{1A0242D5-4899-4B0B-854B-0880D86A8990}.Debug|x86.Deploy.0 = Debug|Any CPU
		{1A0242D5-4899-4B0B-854B-0880D86A8990}.Release|Any CPU.ActiveCfg = Release|Any CPU
		{1A0242D5-4899-4B0B-854B-0880D86A8990}.Release|Any CPU.Build.0 = Release|Any CPU
		{1A0242D5-4899-4B0B-854B-0880D86A8990}.Release|Any CPU.Deploy.0 = Release|Any CPU
		{1A0242D5-4899-4B0B-854B-0880D86A8990}.Release|ARM.ActiveCfg = Release|Any CPU
		{1A0242D5-4899-4B0B-854B-0880D86A8990}.Release|ARM.Build.0 = Release|Any CPU
		{1A0242D5-4899-4B0B-854B-0880D86A8990}.Release|ARM.Deploy.0 = Release|Any CPU
		{1A0242D5-4899-4B0B-854B-0880D86A8990}.Release|iPhone.ActiveCfg = Release|Any CPU
		{1A0242D5-4899-4B0B-854B-0880D86A8990}.Release|iPhone.Build.0 = Release|Any CPU
		{1A0242D5-4899-4B0B-854B-0880D86A8990}.Release|iPhone.Deploy.0 = Release|Any CPU
		{1A0242D5-4899-4B0B-854B-0880D86A8990}.Release|iPhoneSimulator.ActiveCfg = Release|Any CPU
		{1A0242D5-4899-4B0B-854B-0880D86A8990}.Release|iPhoneSimulator.Build.0 = Release|Any CPU
		{1A0242D5-4899-4B0B-854B-0880D86A8990}.Release|iPhoneSimulator.Deploy.0 = Release|Any CPU
		{1A0242D5-4899-4B0B-854B-0880D86A8990}.Release|x64.ActiveCfg = Release|Any CPU
		{1A0242D5-4899-4B0B-854B-0880D86A8990}.Release|x64.Build.0 = Release|Any CPU
		{1A0242D5-4899-4B0B-854B-0880D86A8990}.Release|x64.Deploy.0 = Release|Any CPU
		{1A0242D5-4899-4B0B-854B-0880D86A8990}.Release|x86.ActiveCfg = Release|Any CPU
		{1A0242D5-4899-4B0B-854B-0880D86A8990}.Release|x86.Build.0 = Release|Any CPU
		{1A0242D5-4899-4B0B-854B-0880D86A8990}.Release|x86.Deploy.0 = Release|Any CPU
	EndGlobalSection
	GlobalSection(SolutionProperties) = preSolution
		HideSolutionNode = FALSE
	EndGlobalSection
	GlobalSection(ExtensibilityGlobals) = postSolution
		SolutionGuid = {0C541228-218D-4ABB-B57F-96709DD88580}
	EndGlobalSection
EndGlobal
